// !$*UTF8*$!
{
	archiveVersion = 1;
	classes = {
	};
	objectVersion = 46;
	objects = {

/* Begin PBXBuildFile section */
		521E725F1E9C739A00CFAE12 /* qqqq.png in Resources */ = {isa = PBXBuildFile; fileRef = 521E725E1E9C739A00CFAE12 /* qqqq.png */; };
		5244F0831E98B1CE0009E7C9 /* main.m in Sources */ = {isa = PBXBuildFile; fileRef = 5244F0821E98B1CE0009E7C9 /* main.m */; };
		5244F0861E98B1CE0009E7C9 /* AppDelegate.m in Sources */ = {isa = PBXBuildFile; fileRef = 5244F0851E98B1CE0009E7C9 /* AppDelegate.m */; };
		5244F0891E98B1CE0009E7C9 /* ViewController.m in Sources */ = {isa = PBXBuildFile; fileRef = 5244F0881E98B1CE0009E7C9 /* ViewController.m */; };
		5244F08C1E98B1CE0009E7C9 /* Main.storyboard in Resources */ = {isa = PBXBuildFile; fileRef = 5244F08A1E98B1CE0009E7C9 /* Main.storyboard */; };
		5244F08E1E98B1CE0009E7C9 /* Assets.xcassets in Resources */ = {isa = PBXBuildFile; fileRef = 5244F08D1E98B1CE0009E7C9 /* Assets.xcassets */; };
		5244F0911E98B1CE0009E7C9 /* LaunchScreen.storyboard in Resources */ = {isa = PBXBuildFile; fileRef = 5244F08F1E98B1CE0009E7C9 /* LaunchScreen.storyboard */; };
		5244F09A1E98B2120009E7C9 /* QQTagItem.m in Sources */ = {isa = PBXBuildFile; fileRef = 5244F0991E98B2120009E7C9 /* QQTagItem.m */; };
		5244F09D1E98B52B0009E7C9 /* QQTagView.m in Sources */ = {isa = PBXBuildFile; fileRef = 5244F09C1E98B52B0009E7C9 /* QQTagView.m */; };
/* End PBXBuildFile section */

/* Begin PBXFileReference section */
		521E725E1E9C739A00CFAE12 /* qqqq.png */ = {isa = PBXFileReference; lastKnownFileType = image.png; path = qqqq.png; sourceTree = "<group>"; };
		5244F07E1E98B1CE0009E7C9 /* QQtagView.app */ = {isa = PBXFileReference; explicitFileType = wrapper.application; includeInIndex = 0; path = QQtagView.app; sourceTree = BUILT_PRODUCTS_DIR; };
		5244F0821E98B1CE0009E7C9 /* main.m */ = {isa = PBXFileReference; lastKnownFileType = sourcecode.c.objc; path = main.m; sourceTree = "<group>"; };
		5244F0841E98B1CE0009E7C9 /* AppDelegate.h */ = {isa = PBXFileReference; lastKnownFileType = sourcecode.c.h; path = AppDelegate.h; sourceTree = "<group>"; };
		5244F0851E98B1CE0009E7C9 /* AppDelegate.m */ = {isa = PBXFileReference; lastKnownFileType = sourcecode.c.objc; path = AppDelegate.m; sourceTree = "<group>"; };
		5244F0871E98B1CE0009E7C9 /* ViewController.h */ = {isa = PBXFileReference; lastKnownFileType = sourcecode.c.h; path = ViewController.h; sourceTree = "<group>"; };
		5244F0881E98B1CE0009E7C9 /* ViewController.m */ = {isa = PBXFileReference; lastKnownFileType = sourcecode.c.objc; path = ViewController.m; sourceTree = "<group>"; };
		5244F08B1E98B1CE0009E7C9 /* Base */ = {isa = PBXFileReference; lastKnownFileType = file.storyboard; name = Base; path = Base.lproj/Main.storyboard; sourceTree = "<group>"; };
		5244F08D1E98B1CE0009E7C9 /* Assets.xcassets */ = {isa = PBXFileReference; lastKnownFileType = folder.assetcatalog; path = Assets.xcassets; sourceTree = "<group>"; };
		5244F0901E98B1CE0009E7C9 /* Base */ = {isa = PBXFileReference; lastKnownFileType = file.storyboard; name = Base; path = Base.lproj/LaunchScreen.storyboard; sourceTree = "<group>"; };
		5244F0921E98B1CE0009E7C9 /* Info.plist */ = {isa = PBXFileReference; lastKnownFileType = text.plist.xml; path = Info.plist; sourceTree = "<group>"; };
		5244F0981E98B2120009E7C9 /* QQTagItem.h */ = {isa = PBXFileReference; fileEncoding = 4; lastKnownFileType = sourcecode.c.h; path = QQTagItem.h; sourceTree = "<group>"; };
		5244F0991E98B2120009E7C9 /* QQTagItem.m */ = {isa = PBXFileReference; fileEncoding = 4; lastKnownFileType = sourcecode.c.objc; path = QQTagItem.m; sourceTree = "<group>"; };
		5244F09B1E98B52B0009E7C9 /* QQTagView.h */ = {isa = PBXFileReference; fileEncoding = 4; lastKnownFileType = sourcecode.c.h; path = QQTagView.h; sourceTree = "<group>"; };
		5244F09C1E98B52B0009E7C9 /* QQTagView.m */ = {isa = PBXFileReference; fileEncoding = 4; lastKnownFileType = sourcecode.c.objc; path = QQTagView.m; sourceTree = "<group>"; };
/* End PBXFileReference section */

/* Begin PBXFrameworksBuildPhase section */
		5244F07B1E98B1CE0009E7C9 /* Frameworks */ = {
			isa = PBXFrameworksBuildPhase;
			buildActionMask = 2147483647;
			files = (
			);
			runOnlyForDeploymentPostprocessing = 0;
		};
/* End PBXFrameworksBuildPhase section */

/* Begin PBXGroup section */
		5244F0751E98B1CE0009E7C9 = {
			isa = PBXGroup;
			children = (
				5244F0801E98B1CE0009E7C9 /* QQtagView */,
				5244F07F1E98B1CE0009E7C9 /* Products */,
			);
			sourceTree = "<group>";
		};
		5244F07F1E98B1CE0009E7C9 /* Products */ = {
			isa = PBXGroup;
			children = (
				5244F07E1E98B1CE0009E7C9 /* QQtagView.app */,
			);
			name = Products;
			sourceTree = "<group>";
		};
		5244F0801E98B1CE0009E7C9 /* QQtagView */ = {
			isa = PBXGroup;
			children = (
				5244F0841E98B1CE0009E7C9 /* AppDelegate.h */,
				5244F0851E98B1CE0009E7C9 /* AppDelegate.m */,
				5244F0871E98B1CE0009E7C9 /* ViewController.h */,
				5244F0881E98B1CE0009E7C9 /* ViewController.m */,
				5244F08A1E98B1CE0009E7C9 /* Main.storyboard */,
				5244F08D1E98B1CE0009E7C9 /* Assets.xcassets */,
				5244F08F1E98B1CE0009E7C9 /* LaunchScreen.storyboard */,
				5244F0921E98B1CE0009E7C9 /* Info.plist */,
				5244F0811E98B1CE0009E7C9 /* Supporting Files */,
				5244F0981E98B2120009E7C9 /* QQTagItem.h */,
				5244F0991E98B2120009E7C9 /* QQTagItem.m */,
				5244F09B1E98B52B0009E7C9 /* QQTagView.h */,
				5244F09C1E98B52B0009E7C9 /* QQTagView.m */,
				521E725E1E9C739A00CFAE12 /* qqqq.png */,
			);
			path = QQtagView;
			sourceTree = "<group>";
		};
		5244F0811E98B1CE0009E7C9 /* Supporting Files */ = {
			isa = PBXGroup;
			children = (
				5244F0821E98B1CE0009E7C9 /* main.m */,
			);
			name = "Supporting Files";
			sourceTree = "<group>";
		};
/* End PBXGroup section */

/* Begin PBXNativeTarget section */
		5244F07D1E98B1CE0009E7C9 /* QQtagView */ = {
			isa = PBXNativeTarget;
			buildConfigurationList = 5244F0951E98B1CE0009E7C9 /* Build configuration list for PBXNativeTarget "QQtagView" */;
			buildPhases = (
				5244F07A1E98B1CE0009E7C9 /* Sources */,
				5244F07B1E98B1CE0009E7C9 /* Frameworks */,
				5244F07C1E98B1CE0009E7C9 /* Resources */,
			);
			buildRules = (
			);
			dependencies = (
			);
			name = QQtagView;
			productName = QQtagView;
			productReference = 5244F07E1E98B1CE0009E7C9 /* QQtagView.app */;
			productType = "com.apple.product-type.application";
		};
/* End PBXNativeTarget section */

/* Begin PBXProject section */
		5244F0761E98B1CE0009E7C9 /* Project object */ = {
			isa = PBXProject;
			attributes = {
				LastUpgradeCheck = 0820;
				ORGANIZATIONNAME = ZhangQun;
				TargetAttributes = {
					5244F07D1E98B1CE0009E7C9 = {
						CreatedOnToolsVersion = 8.2;
						DevelopmentTeam = YE3SQ4L4NL;
						ProvisioningStyle = Automatic;
					};
				};
			};
			buildConfigurationList = 5244F0791E98B1CE0009E7C9 /* Build configuration list for PBXProject "QQtagView" */;
			compatibilityVersion = "Xcode 3.2";
			developmentRegion = English;
			hasScannedForEncodings = 0;
			knownRegions = (
				en,
				Base,
			);
			mainGroup = 5244F0751E98B1CE0009E7C9;
			productRefGroup = 5244F07F1E98B1CE0009E7C9 /* Products */;
			projectDirPath = "";
			projectRoot = "";
			targets = (
				5244F07D1E98B1CE0009E7C9 /* QQtagView */,
			);
		};
/* End PBXProject section */

/* Begin PBXResourcesBuildPhase section */
		5244F07C1E98B1CE0009E7C9 /* Resources */ = {
			isa = PBXResourcesBuildPhase;
			buildActionMask = 2147483647;
			files = (
				5244F0911E98B1CE0009E7C9 /* LaunchScreen.storyboard in Resources */,
				5244F08E1E98B1CE0009E7C9 /* Assets.xcassets in Resources */,
				5244F08C1E98B1CE0009E7C9 /* Main.storyboard in Resources */,
				521E725F1E9C739A00CFAE12 /* qqqq.png in Resources */,
			);
			runOnlyForDeploymentPostprocessing = 0;
		};
/* End PBXResourcesBuildPhase section */

/* Begin PBXSourcesBuildPhase section */
		5244F07A1E98B1CE0009E7C9 /* Sources */ = {
			isa = PBXSourcesBuildPhase;
			buildActionMask = 2147483647;
			files = (
				5244F0891E98B1CE0009E7C9 /* ViewController.m in Sources */,
				5244F0861E98B1CE0009E7C9 /* AppDelegate.m in Sources */,
				5244F0831E98B1CE0009E7C9 /* main.m in Sources */,
				5244F09A1E98B2120009E7C9 /* QQTagItem.m in Sources */,
				5244F09D1E98B52B0009E7C9 /* QQTagView.m in Sources */,
			);
			runOnlyForDeploymentPostprocessing = 0;
		};
/* End PBXSourcesBuildPhase section */

/* Begin PBXVariantGroup section */
		5244F08A1E98B1CE0009E7C9 /* Main.storyboard */ = {
			isa = PBXVariantGroup;
			children = (
				5244F08B1E98B1CE0009E7C9 /* Base */,
			);
			name = Main.storyboard;
			sourceTree = "<group>";
		};
		5244F08F1E98B1CE0009E7C9 /* LaunchScreen.storyboard */ = {
			isa = PBXVariantGroup;
			children = (
				5244F0901E98B1CE0009E7C9 /* Base */,
			);
			name = LaunchScreen.storyboard;
			sourceTree = "<group>";
		};
/* End PBXVariantGroup section */

/* Begin XCBuildConfiguration section */
		5244F0931E98B1CE0009E7C9 /* Debug */ = {
			isa = XCBuildConfiguration;
			buildSettings = {
				ALWAYS_SEARCH_USER_PATHS = NO;
				CLANG_ANALYZER_NONNULL = YES;
				CLANG_CXX_LANGUAGE_STANDARD = "gnu++0x";
				CLANG_CXX_LIBRARY = "libc++";
				CLANG_ENABLE_MODULES = YES;
				CLANG_ENABLE_OBJC_ARC = YES;
				CLANG_WARN_BOOL_CONVERSION = YES;
				CLANG_WARN_CONSTANT_CONVERSION = YES;
				CLANG_WARN_DIRECT_OBJC_ISA_USAGE = YES_ERROR;
				CLANG_WARN_DOCUMENTATION_COMMENTS = YES;
				CLANG_WARN_EMPTY_BODY = YES;
				CLANG_WARN_ENUM_CONVERSION = YES;
				CLANG_WARN_INFINITE_RECURSION = YES;
				CLANG_WARN_INT_CONVERSION = YES;
				CLANG_WARN_OBJC_ROOT_CLASS = YES_ERROR;
				CLANG_WARN_SUSPICIOUS_MOVE = YES;
				CLANG_WARN_UNREACHABLE_CODE = YES;
				CLANG_WARN__DUPLICATE_METHOD_MATCH = YES;
				"CODE_SIGN_IDENTITY[sdk=iphoneos*]" = "iPhone Developer";
				COPY_PHASE_STRIP = NO;
				DEBUG_INFORMATION_FORMAT = dwarf;
				ENABLE_STRICT_OBJC_MSGSEND = YES;
				ENABLE_TESTABILITY = YES;
				GCC_C_LANGUAGE_STANDARD = gnu99;
				GCC_DYNAMIC_NO_PIC = NO;
				GCC_NO_COMMON_BLOCKS = YES;
				GCC_OPTIMIZATION_LEVEL = 0;
				GCC_PREPROCESSOR_DEFINITIONS = (
					"DEBUG=1",
					"$(inherited)",
				);
				GCC_WARN_64_TO_32_BIT_CONVERSION = YES;
				GCC_WARN_ABOUT_RETURN_TYPE = YES_ERROR;
				GCC_WARN_UNDECLARED_SELECTOR = YES;
				GCC_WARN_UNINITIALIZED_AUTOS = YES_AGGRESSIVE;
				GCC_WARN_UNUSED_FUNCTION = YES;
				GCC_WARN_UNUSED_VARIABLE = YES;
				IPHONEOS_DEPLOYMENT_TARGET = 10.2;
				MTL_ENABLE_DEBUG_INFO = YES;
				ONLY_ACTIVE_ARCH = YES;
				SDKROOT = iphoneos;
			};
			name = Debug;
		};
		5244F0941E98B1CE0009E7C9 /* Release */ = {
			isa = XCBuildConfiguration;
			buildSettings = {
				ALWAYS_SEARCH_USER_PATHS = NO;
				CLANG_ANALYZER_NONNULL = YES;
				CLANG_CXX_LANGUAGE_STANDARD = "gnu++0x";
				CLANG_CXX_LIBRARY = "libc++";
				CLANG_ENABLE_MODULES = YES;
				CLANG_ENABLE_OBJC_ARC = YES;
				CLANG_WARN_BOOL_CONVERSION = YES;
				CLANG_WARN_CONSTANT_CONVERSION = YES;
				CLANG_WARN_DIRECT_OBJC_ISA_USAGE = YES_ERROR;
				CLANG_WARN_DOCUMENTATION_COMMENTS = YES;
				CLANG_WARN_EMPTY_BODY = YES;
				CLANG_WARN_ENUM_CONVERSION = YES;
				CLANG_WARN_INFINITE_RECURSION = YES;
				CLANG_WARN_INT_CONVERSION = YES;
				CLANG_WARN_OBJC_ROOT_CLASS = YES_ERROR;
				CLANG_WARN_SUSPICIOUS_MOVE = YES;
				CLANG_WARN_UNREACHABLE_CODE = YES;
				CLANG_WARN__DUPLICATE_METHOD_MATCH = YES;
				"CODE_SIGN_IDENTITY[sdk=iphoneos*]" = "iPhone Developer";
				COPY_PHASE_STRIP = NO;
				DEBUG_INFORMATION_FORMAT = "dwarf-with-dsym";
				ENABLE_NS_ASSERTIONS = NO;
				ENABLE_STRICT_OBJC_MSGSEND = YES;
				GCC_C_LANGUAGE_STANDARD = gnu99;
				GCC_NO_COMMON_BLOCKS = YES;
				GCC_WARN_64_TO_32_BIT_CONVERSION = YES;
				GCC_WARN_ABOUT_RETURN_TYPE = YES_ERROR;
				GCC_WARN_UNDECLARED_SELECTOR = YES;
				GCC_WARN_UNINITIALIZED_AUTOS = YES_AGGRESSIVE;
				GCC_WARN_UNUSED_FUNCTION = YES;
				GCC_WARN_UNUSED_VARIABLE = YES;
				IPHONEOS_DEPLOYMENT_TARGET = 10.2;
				MTL_ENABLE_DEBUG_INFO = NO;
				SDKROOT = iphoneos;
				VALIDATE_PRODUCT = YES;
			};
			name = Release;
		};
		5244F0961E98B1CE0009E7C9 /* Debug */ = {
			isa = XCBuildConfiguration;
			buildSettings = {
				ASSETCATALOG_COMPILER_APPICON_NAME = AppIcon;
				DEVELOPMENT_TEAM = YE3SQ4L4NL;
				INFOPLIST_FILE = QQtagView/Info.plist;
				IPHONEOS_DEPLOYMENT_TARGET = 8.0;
				LD_RUNPATH_SEARCH_PATHS = "$(inherited) @executable_path/Frameworks";
				PRODUCT_BUNDLE_IDENTIFIER = shanjin.QQtagView;
				PRODUCT_NAME = "$(TARGET_NAME)";
			};
			name = Debug;
		};
		5244F0971E98B1CE0009E7C9 /* Release */ = {
			isa = XCBuildConfiguration;
			buildSettings = {
				ASSETCATALOG_COMPILER_APPICON_NAME = AppIcon;
				DEVELOPMENT_TEAM = YE3SQ4L4NL;
				INFOPLIST_FILE = QQtagView/Info.plist;
				IPHONEOS_DEPLOYMENT_TARGET = 8.0;
				LD_RUNPATH_SEARCH_PATHS = "$(inherited) @executable_path/Frameworks";
				PRODUCT_BUNDLE_IDENTIFIER = shanjin.QQtagView;
				PRODUCT_NAME = "$(TARGET_NAME)";
			};
			name = Release;
		};
/* End XCBuildConfiguration section */

/* Begin XCConfigurationList section */
		5244F0791E98B1CE0009E7C9 /* Build configuration list for PBXProject "QQtagView" */ = {
			isa = XCConfigurationList;
			buildConfigurations = (
				5244F0931E98B1CE0009E7C9 /* Debug */,
				5244F0941E98B1CE0009E7C9 /* Release */,
			);
			defaultConfigurationIsVisible = 0;
			defaultConfigurationName = Release;
		};
		5244F0951E98B1CE0009E7C9 /* Build configuration list for PBXNativeTarget "QQtagView" */ = {
			isa = XCConfigurationList;
			buildConfigurations = (
				5244F0961E98B1CE0009E7C9 /* Debug */,
				5244F0971E98B1CE0009E7C9 /* Release */,
			);
			defaultConfigurationIsVisible = 0;
			defaultConfigurationName = Release;
		};
/* End XCConfigurationList section */
	};
	rootObject = 5244F0761E98B1CE0009E7C9 /* Project object */;
}
